// !$*UTF8*$!
{
	archiveVersion = 1;
	classes = {
	};
	objectVersion = 56;
	objects = {

/* Begin PBXBuildFile section */
		868401E42A347C990060FD85 /* SupplementAppApp.swift in Sources */ = {isa = PBXBuildFile; fileRef = 868401E32A347C990060FD85 /* SupplementAppApp.swift */; };
		868401E62A347C990060FD85 /* ContentView.swift in Sources */ = {isa = PBXBuildFile; fileRef = 868401E52A347C990060FD85 /* ContentView.swift */; };
		868401E82A347C9B0060FD85 /* Assets.xcassets in Resources */ = {isa = PBXBuildFile; fileRef = 868401E72A347C9B0060FD85 /* Assets.xcassets */; };
		868401EB2A347C9B0060FD85 /* Preview Assets.xcassets in Resources */ = {isa = PBXBuildFile; fileRef = 868401EA2A347C9B0060FD85 /* Preview Assets.xcassets */; };
		868401F32A347DA60060FD85 /* FirebaseAuth in Frameworks */ = {isa = PBXBuildFile; productRef = 868401F22A347DA60060FD85 /* FirebaseAuth */; };
		868401F52A347DA60060FD85 /* FirebaseFirestore in Frameworks */ = {isa = PBXBuildFile; productRef = 868401F42A347DA60060FD85 /* FirebaseFirestore */; };
		868401F72A347DA60060FD85 /* FirebaseFirestoreSwift in Frameworks */ = {isa = PBXBuildFile; productRef = 868401F62A347DA60060FD85 /* FirebaseFirestoreSwift */; };
		868401F92A347E1C0060FD85 /* GoogleService-Info.plist in Resources */ = {isa = PBXBuildFile; fileRef = 868401F82A347E1C0060FD85 /* GoogleService-Info.plist */; };
		868401FB2A347FAE0060FD85 /* AddSupplement.swift in Sources */ = {isa = PBXBuildFile; fileRef = 868401FA2A347FAE0060FD85 /* AddSupplement.swift */; };
		868401FD2A34A2160060FD85 /* SupplementView.swift in Sources */ = {isa = PBXBuildFile; fileRef = 868401FC2A34A2160060FD85 /* SupplementView.swift */; };
		868402012A34B0910060FD85 /* SupplementViewModel.swift in Sources */ = {isa = PBXBuildFile; fileRef = 868402002A34B0910060FD85 /* SupplementViewModel.swift */; };
		868402032A34D2D20060FD85 /* Model.swift in Sources */ = {isa = PBXBuildFile; fileRef = 868402022A34D2D20060FD85 /* Model.swift */; };
		868402062A3573190060FD85 /* SignUpView.swift in Sources */ = {isa = PBXBuildFile; fileRef = 868402052A3573190060FD85 /* SignUpView.swift */; };
/* End PBXBuildFile section */

/* Begin PBXFileReference section */
		868401E02A347C990060FD85 /* SupplementApp.app */ = {isa = PBXFileReference; explicitFileType = wrapper.application; includeInIndex = 0; path = SupplementApp.app; sourceTree = BUILT_PRODUCTS_DIR; };
		868401E32A347C990060FD85 /* SupplementAppApp.swift */ = {isa = PBXFileReference; lastKnownFileType = sourcecode.swift; path = SupplementAppApp.swift; sourceTree = "<group>"; };
		868401E52A347C990060FD85 /* ContentView.swift */ = {isa = PBXFileReference; lastKnownFileType = sourcecode.swift; path = ContentView.swift; sourceTree = "<group>"; };
		868401E72A347C9B0060FD85 /* Assets.xcassets */ = {isa = PBXFileReference; lastKnownFileType = folder.assetcatalog; path = Assets.xcassets; sourceTree = "<group>"; };
		868401EA2A347C9B0060FD85 /* Preview Assets.xcassets */ = {isa = PBXFileReference; lastKnownFileType = folder.assetcatalog; path = "Preview Assets.xcassets"; sourceTree = "<group>"; };
		868401F82A347E1C0060FD85 /* GoogleService-Info.plist */ = {isa = PBXFileReference; fileEncoding = 4; lastKnownFileType = text.plist.xml; path = "GoogleService-Info.plist"; sourceTree = "<group>"; };
		868401FA2A347FAE0060FD85 /* AddSupplement.swift */ = {isa = PBXFileReference; lastKnownFileType = sourcecode.swift; path = AddSupplement.swift; sourceTree = "<group>"; };
		868401FC2A34A2160060FD85 /* SupplementView.swift */ = {isa = PBXFileReference; lastKnownFileType = sourcecode.swift; path = SupplementView.swift; sourceTree = "<group>"; };
		868402002A34B0910060FD85 /* SupplementViewModel.swift */ = {isa = PBXFileReference; lastKnownFileType = sourcecode.swift; path = SupplementViewModel.swift; sourceTree = "<group>"; };
		868402022A34D2D20060FD85 /* Model.swift */ = {isa = PBXFileReference; lastKnownFileType = sourcecode.swift; path = Model.swift; sourceTree = "<group>"; };
		868402052A3573190060FD85 /* SignUpView.swift */ = {isa = PBXFileReference; lastKnownFileType = sourcecode.swift; path = SignUpView.swift; sourceTree = "<group>"; };
/* End PBXFileReference section */

/* Begin PBXFrameworksBuildPhase section */
		868401DD2A347C990060FD85 /* Frameworks */ = {
			isa = PBXFrameworksBuildPhase;
			buildActionMask = 2147483647;
			files = (
				868401F32A347DA60060FD85 /* FirebaseAuth in Frameworks */,
				868401F52A347DA60060FD85 /* FirebaseFirestore in Frameworks */,
				868401F72A347DA60060FD85 /* FirebaseFirestoreSwift in Frameworks */,
			);
			runOnlyForDeploymentPostprocessing = 0;
		};
/* End PBXFrameworksBuildPhase section */

/* Begin PBXGroup section */
		868401D72A347C990060FD85 = {
			isa = PBXGroup;
			children = (
				868401E22A347C990060FD85 /* SupplementApp */,
				868401E12A347C990060FD85 /* Products */,
			);
			sourceTree = "<group>";
		};
		868401E12A347C990060FD85 /* Products */ = {
			isa = PBXGroup;
			children = (
				868401E02A347C990060FD85 /* SupplementApp.app */,
			);
			name = Products;
			sourceTree = "<group>";
		};
		868401E22A347C990060FD85 /* SupplementApp */ = {
			isa = PBXGroup;
			children = (
				868401E32A347C990060FD85 /* SupplementAppApp.swift */,
				868402042A34DECA0060FD85 /* Model */,
				868401FF2A34B0590060FD85 /* View */,
				868401FE2A34B02E0060FD85 /* ViewModel */,
				868401F82A347E1C0060FD85 /* GoogleService-Info.plist */,
				868401E72A347C9B0060FD85 /* Assets.xcassets */,
				868401E92A347C9B0060FD85 /* Preview Content */,
			);
			path = SupplementApp;
			sourceTree = "<group>";
		};
		868401E92A347C9B0060FD85 /* Preview Content */ = {
			isa = PBXGroup;
			children = (
				868401EA2A347C9B0060FD85 /* Preview Assets.xcassets */,
			);
			path = "Preview Content";
			sourceTree = "<group>";
		};
		868401FE2A34B02E0060FD85 /* ViewModel */ = {
			isa = PBXGroup;
			children = (
				868402002A34B0910060FD85 /* SupplementViewModel.swift */,
			);
			path = ViewModel;
			sourceTree = "<group>";
		};
		868401FF2A34B0590060FD85 /* View */ = {
			isa = PBXGroup;
			children = (
				868401FA2A347FAE0060FD85 /* AddSupplement.swift */,
				868401FC2A34A2160060FD85 /* SupplementView.swift */,
				868402052A3573190060FD85 /* SignUpView.swift */,
				868401E52A347C990060FD85 /* ContentView.swift */,
			);
			path = View;
			sourceTree = "<group>";
		};
		868402042A34DECA0060FD85 /* Model */ = {
			isa = PBXGroup;
			children = (
				868402022A34D2D20060FD85 /* Model.swift */,
			);
			path = Model;
			sourceTree = "<group>";
		};
/* End PBXGroup section */

/* Begin PBXNativeTarget section */
		868401DF2A347C990060FD85 /* SupplementApp */ = {
			isa = PBXNativeTarget;
			buildConfigurationList = 868401EE2A347C9B0060FD85 /* Build configuration list for PBXNativeTarget "SupplementApp" */;
			buildPhases = (
				868401DC2A347C990060FD85 /* Sources */,
				868401DD2A347C990060FD85 /* Frameworks */,
				868401DE2A347C990060FD85 /* Resources */,
			);
			buildRules = (
			);
			dependencies = (
			);
			name = SupplementApp;
			packageProductDependencies = (
				868401F22A347DA60060FD85 /* FirebaseAuth */,
				868401F42A347DA60060FD85 /* FirebaseFirestore */,
				868401F62A347DA60060FD85 /* FirebaseFirestoreSwift */,
			);
			productName = SupplementApp;
			productReference = 868401E02A347C990060FD85 /* SupplementApp.app */;
			productType = "com.apple.product-type.application";
		};
/* End PBXNativeTarget section */

/* Begin PBXProject section */
		868401D82A347C990060FD85 /* Project object */ = {
			isa = PBXProject;
			attributes = {
				BuildIndependentTargetsInParallel = 1;
				LastSwiftUpdateCheck = 1430;
				LastUpgradeCheck = 1430;
				TargetAttributes = {
					868401DF2A347C990060FD85 = {
						CreatedOnToolsVersion = 14.3.1;
					};
				};
			};
			buildConfigurationList = 868401DB2A347C990060FD85 /* Build configuration list for PBXProject "SupplementApp" */;
			compatibilityVersion = "Xcode 14.0";
			developmentRegion = en;
			hasScannedForEncodings = 0;
			knownRegions = (
				en,
				Base,
			);
			mainGroup = 868401D72A347C990060FD85;
			packageReferences = (
				868401F12A347DA60060FD85 /* XCRemoteSwiftPackageReference "firebase-ios-sdk" */,
			);
			productRefGroup = 868401E12A347C990060FD85 /* Products */;
			projectDirPath = "";
			projectRoot = "";
			targets = (
				868401DF2A347C990060FD85 /* SupplementApp */,
			);
		};
/* End PBXProject section */

/* Begin PBXResourcesBuildPhase section */
		868401DE2A347C990060FD85 /* Resources */ = {
			isa = PBXResourcesBuildPhase;
			buildActionMask = 2147483647;
			files = (
				868401EB2A347C9B0060FD85 /* Preview Assets.xcassets in Resources */,
				868401F92A347E1C0060FD85 /* GoogleService-Info.plist in Resources */,
				868401E82A347C9B0060FD85 /* Assets.xcassets in Resources */,
			);
			runOnlyForDeploymentPostprocessing = 0;
		};
/* End PBXResourcesBuildPhase section */

/* Begin PBXSourcesBuildPhase section */
		868401DC2A347C990060FD85 /* Sources */ = {
			isa = PBXSourcesBuildPhase;
			buildActionMask = 2147483647;
			files = (
				868402012A34B0910060FD85 /* SupplementViewModel.swift in Sources */,
				868401FD2A34A2160060FD85 /* SupplementView.swift in Sources */,
				868401E62A347C990060FD85 /* ContentView.swift in Sources */,
				868402062A3573190060FD85 /* SignUpView.swift in Sources */,
				868402032A34D2D20060FD85 /* Model.swift in Sources */,
				868401FB2A347FAE0060FD85 /* AddSupplement.swift in Sources */,
				868401E42A347C990060FD85 /* SupplementAppApp.swift in Sources */,
			);
			runOnlyForDeploymentPostprocessing = 0;
		};
/* End PBXSourcesBuildPhase section */

/* Begin XCBuildConfiguration section */
		868401EC2A347C9B0060FD85 /* Debug */ = {
			isa = XCBuildConfiguration;
			buildSettings = {
				ALWAYS_SEARCH_USER_PATHS = NO;
				CLANG_ANALYZER_NONNULL = YES;
				CLANG_ANALYZER_NUMBER_OBJECT_CONVERSION = YES_AGGRESSIVE;
				CLANG_CXX_LANGUAGE_STANDARD = "gnu++20";
				CLANG_ENABLE_MODULES = YES;
				CLANG_ENABLE_OBJC_ARC = YES;
				CLANG_ENABLE_OBJC_WEAK = YES;
				CLANG_WARN_BLOCK_CAPTURE_AUTORELEASING = YES;
				CLANG_WARN_BOOL_CONVERSION = YES;
				CLANG_WARN_COMMA = YES;
				CLANG_WARN_CONSTANT_CONVERSION = YES;
				CLANG_WARN_DEPRECATED_OBJC_IMPLEMENTATIONS = YES;
				CLANG_WARN_DIRECT_OBJC_ISA_USAGE = YES_ERROR;
				CLANG_WARN_DOCUMENTATION_COMMENTS = YES;
				CLANG_WARN_EMPTY_BODY = YES;
				CLANG_WARN_ENUM_CONVERSION = YES;
				CLANG_WARN_INFINITE_RECURSION = YES;
				CLANG_WARN_INT_CONVERSION = YES;
				CLANG_WARN_NON_LITERAL_NULL_CONVERSION = YES;
				CLANG_WARN_OBJC_IMPLICIT_RETAIN_SELF = YES;
				CLANG_WARN_OBJC_LITERAL_CONVERSION = YES;
				CLANG_WARN_OBJC_ROOT_CLASS = YES_ERROR;
				CLANG_WARN_QUOTED_INCLUDE_IN_FRAMEWORK_HEADER = YES;
				CLANG_WARN_RANGE_LOOP_ANALYSIS = YES;
				CLANG_WARN_STRICT_PROTOTYPES = YES;
				CLANG_WARN_SUSPICIOUS_MOVE = YES;
				CLANG_WARN_UNGUARDED_AVAILABILITY = YES_AGGRESSIVE;
				CLANG_WARN_UNREACHABLE_CODE = YES;
				CLANG_WARN__DUPLICATE_METHOD_MATCH = YES;
				COPY_PHASE_STRIP = NO;
				DEBUG_INFORMATION_FORMAT = dwarf;
				ENABLE_STRICT_OBJC_MSGSEND = YES;
				ENABLE_TESTABILITY = YES;
				GCC_C_LANGUAGE_STANDARD = gnu11;
				GCC_DYNAMIC_NO_PIC = NO;
				GCC_NO_COMMON_BLOCKS = YES;
				GCC_OPTIMIZATION_LEVEL = 0;
				GCC_PREPROCESSOR_DEFINITIONS = (
					"DEBUG=1",
					"$(inherited)",
				);
				GCC_WARN_64_TO_32_BIT_CONVERSION = YES;
				GCC_WARN_ABOUT_RETURN_TYPE = YES_ERROR;
				GCC_WARN_UNDECLARED_SELECTOR = YES;
				GCC_WARN_UNINITIALIZED_AUTOS = YES_AGGRESSIVE;
				GCC_WARN_UNUSED_FUNCTION = YES;
				GCC_WARN_UNUSED_VARIABLE = YES;
				IPHONEOS_DEPLOYMENT_TARGET = 16.4;
				MTL_ENABLE_DEBUG_INFO = INCLUDE_SOURCE;
				MTL_FAST_MATH = YES;
				ONLY_ACTIVE_ARCH = YES;
				SDKROOT = iphoneos;
				SWIFT_ACTIVE_COMPILATION_CONDITIONS = DEBUG;
				SWIFT_OPTIMIZATION_LEVEL = "-Onone";
			};
			name = Debug;
		};
		868401ED2A347C9B0060FD85 /* Release */ = {
			isa = XCBuildConfiguration;
			buildSettings = {
				ALWAYS_SEARCH_USER_PATHS = NO;
				CLANG_ANALYZER_NONNULL = YES;
				CLANG_ANALYZER_NUMBER_OBJECT_CONVERSION = YES_AGGRESSIVE;
				CLANG_CXX_LANGUAGE_STANDARD = "gnu++20";
				CLANG_ENABLE_MODULES = YES;
				CLANG_ENABLE_OBJC_ARC = YES;
				CLANG_ENABLE_OBJC_WEAK = YES;
				CLANG_WARN_BLOCK_CAPTURE_AUTORELEASING = YES;
				CLANG_WARN_BOOL_CONVERSION = YES;
				CLANG_WARN_COMMA = YES;
				CLANG_WARN_CONSTANT_CONVERSION = YES;
				CLANG_WARN_DEPRECATED_OBJC_IMPLEMENTATIONS = YES;
				CLANG_WARN_DIRECT_OBJC_ISA_USAGE = YES_ERROR;
				CLANG_WARN_DOCUMENTATION_COMMENTS = YES;
				CLANG_WARN_EMPTY_BODY = YES;
				CLANG_WARN_ENUM_CONVERSION = YES;
				CLANG_WARN_INFINITE_RECURSION = YES;
				CLANG_WARN_INT_CONVERSION = YES;
				CLANG_WARN_NON_LITERAL_NULL_CONVERSION = YES;
				CLANG_WARN_OBJC_IMPLICIT_RETAIN_SELF = YES;
				CLANG_WARN_OBJC_LITERAL_CONVERSION = YES;
				CLANG_WARN_OBJC_ROOT_CLASS = YES_ERROR;
				CLANG_WARN_QUOTED_INCLUDE_IN_FRAMEWORK_HEADER = YES;
				CLANG_WARN_RANGE_LOOP_ANALYSIS = YES;
				CLANG_WARN_STRICT_PROTOTYPES = YES;
				CLANG_WARN_SUSPICIOUS_MOVE = YES;
				CLANG_WARN_UNGUARDED_AVAILABILITY = YES_AGGRESSIVE;
				CLANG_WARN_UNREACHABLE_CODE = YES;
				CLANG_WARN__DUPLICATE_METHOD_MATCH = YES;
				COPY_PHASE_STRIP = NO;
				DEBUG_INFORMATION_FORMAT = "dwarf-with-dsym";
				ENABLE_NS_ASSERTIONS = NO;
				ENABLE_STRICT_OBJC_MSGSEND = YES;
				GCC_C_LANGUAGE_STANDARD = gnu11;
				GCC_NO_COMMON_BLOCKS = YES;
				GCC_WARN_64_TO_32_BIT_CONVERSION = YES;
				GCC_WARN_ABOUT_RETURN_TYPE = YES_ERROR;
				GCC_WARN_UNDECLARED_SELECTOR = YES;
				GCC_WARN_UNINITIALIZED_AUTOS = YES_AGGRESSIVE;
				GCC_WARN_UNUSED_FUNCTION = YES;
				GCC_WARN_UNUSED_VARIABLE = YES;
				IPHONEOS_DEPLOYMENT_TARGET = 16.4;
				MTL_ENABLE_DEBUG_INFO = NO;
				MTL_FAST_MATH = YES;
				SDKROOT = iphoneos;
				SWIFT_COMPILATION_MODE = wholemodule;
				SWIFT_OPTIMIZATION_LEVEL = "-O";
				VALIDATE_PRODUCT = YES;
			};
			name = Release;
		};
		868401EF2A347C9B0060FD85 /* Debug */ = {
			isa = XCBuildConfiguration;
			buildSettings = {
				ASSETCATALOG_COMPILER_APPICON_NAME = AppIcon;
				ASSETCATALOG_COMPILER_GLOBAL_ACCENT_COLOR_NAME = AccentColor;
				CODE_SIGN_STYLE = Automatic;
				CURRENT_PROJECT_VERSION = 1;
				DEVELOPMENT_ASSET_PATHS = "\"SupplementApp/Preview Content\"";
				DEVELOPMENT_TEAM = ZF32X3A9ZL;
				ENABLE_PREVIEWS = YES;
				GENERATE_INFOPLIST_FILE = YES;
				INFOPLIST_FILE = SupplementApp/Info.plist;
				INFOPLIST_KEY_UIApplicationSceneManifest_Generation = YES;
				INFOPLIST_KEY_UIApplicationSupportsIndirectInputEvents = YES;
				INFOPLIST_KEY_UILaunchScreen_Generation = YES;
				INFOPLIST_KEY_UISupportedInterfaceOrientations_iPad = "UIInterfaceOrientationPortrait UIInterfaceOrientationPortraitUpsideDown UIInterfaceOrientationLandscapeLeft UIInterfaceOrientationLandscapeRight";
				INFOPLIST_KEY_UISupportedInterfaceOrientations_iPhone = "UIInterfaceOrientationPortrait UIInterfaceOrientationLandscapeLeft UIInterfaceOrientationLandscapeRight";
				LD_RUNPATH_SEARCH_PATHS = (
					"$(inherited)",
					"@executable_path/Frameworks",
				);
				MARKETING_VERSION = 1.0;
				PRODUCT_BUNDLE_IDENTIFIER = com.khloud.SupplementApp;
				PRODUCT_NAME = "$(TARGET_NAME)";
				SWIFT_EMIT_LOC_STRINGS = YES;
				SWIFT_VERSION = 5.0;
				TARGETED_DEVICE_FAMILY = "1,2";
			};
			name = Debug;
		};
		868401F02A347C9B0060FD85 /* Release */ = {
			isa = XCBuildConfiguration;
			buildSettings = {
				ASSETCATALOG_COMPILER_APPICON_NAME = AppIcon;
				ASSETCATALOG_COMPILER_GLOBAL_ACCENT_COLOR_NAME = AccentColor;
				CODE_SIGN_STYLE = Automatic;
				CURRENT_PROJECT_VERSION = 1;
				DEVELOPMENT_ASSET_PATHS = "\"SupplementApp/Preview Content\"";
				DEVELOPMENT_TEAM = ZF32X3A9ZL;
				ENABLE_PREVIEWS = YES;
				GENERATE_INFOPLIST_FILE = YES;
				INFOPLIST_FILE = SupplementApp/Info.plist;
				INFOPLIST_KEY_UIApplicationSceneManifest_Generation = YES;
				INFOPLIST_KEY_UIApplicationSupportsIndirectInputEvents = YES;
				INFOPLIST_KEY_UILaunchScreen_Generation = YES;
				INFOPLIST_KEY_UISupportedInterfaceOrientations_iPad = "UIInterfaceOrientationPortrait UIInterfaceOrientationPortraitUpsideDown UIInterfaceOrientationLandscapeLeft UIInterfaceOrientationLandscapeRight";
				INFOPLIST_KEY_UISupportedInterfaceOrientations_iPhone = "UIInterfaceOrientationPortrait UIInterfaceOrientationLandscapeLeft UIInterfaceOrientationLandscapeRight";
				LD_RUNPATH_SEARCH_PATHS = (
					"$(inherited)",
					"@executable_path/Frameworks",
				);
				MARKETING_VERSION = 1.0;
				PRODUCT_BUNDLE_IDENTIFIER = com.khloud.SupplementApp;
				PRODUCT_NAME = "$(TARGET_NAME)";
				SWIFT_EMIT_LOC_STRINGS = YES;
				SWIFT_VERSION = 5.0;
				TARGETED_DEVICE_FAMILY = "1,2";
			};
			name = Release;
		};
/* End XCBuildConfiguration section */

/* Begin XCConfigurationList section */
		868401DB2A347C990060FD85 /* Build configuration list for PBXProject "SupplementApp" */ = {
			isa = XCConfigurationList;
			buildConfigurations = (
				868401EC2A347C9B0060FD85 /* Debug */,
				868401ED2A347C9B0060FD85 /* Release */,
			);
			defaultConfigurationIsVisible = 0;
			defaultConfigurationName = Release;
		};
		868401EE2A347C9B0060FD85 /* Build configuration list for PBXNativeTarget "SupplementApp" */ = {
			isa = XCConfigurationList;
			buildConfigurations = (
				868401EF2A347C9B0060FD85 /* Debug */,
				868401F02A347C9B0060FD85 /* Release */,
			);
			defaultConfigurationIsVisible = 0;
			defaultConfigurationName = Release;
		};
/* End XCConfigurationList section */

/* Begin XCRemoteSwiftPackageReference section */
		868401F12A347DA60060FD85 /* XCRemoteSwiftPackageReference "firebase-ios-sdk" */ = {
			isa = XCRemoteSwiftPackageReference;
			repositoryURL = "https://github.com/firebase/firebase-ios-sdk.git";
			requirement = {
				kind = exactVersion;
				version = 10.10.0;
			};
		};
/* End XCRemoteSwiftPackageReference section */

/* Begin XCSwiftPackageProductDependency section */
		868401F22A347DA60060FD85 /* FirebaseAuth */ = {
			isa = XCSwiftPackageProductDependency;
			package = 868401F12A347DA60060FD85 /* XCRemoteSwiftPackageReference "firebase-ios-sdk" */;
			productName = FirebaseAuth;
		};
		868401F42A347DA60060FD85 /* FirebaseFirestore */ = {
			isa = XCSwiftPackageProductDependency;
			package = 868401F12A347DA60060FD85 /* XCRemoteSwiftPackageReference "firebase-ios-sdk" */;
			productName = FirebaseFirestore;
		};
		868401F62A347DA60060FD85 /* FirebaseFirestoreSwift */ = {
			isa = XCSwiftPackageProductDependency;
			package = 868401F12A347DA60060FD85 /* XCRemoteSwiftPackageReference "firebase-ios-sdk" */;
			productName = FirebaseFirestoreSwift;
		};
/* End XCSwiftPackageProductDependency section */
	};
	rootObject = 868401D82A347C990060FD85 /* Project object */;
}
